# This file is automatically @generated by Cargo.
# It is not intended for manual editing.
version = 4

[[package]]
name = "erased-serde"
version = "0.4.5"
source = "registry+https://github.com/rust-lang/crates.io-index"
checksum = "24e2389d65ab4fab27dc2a5de7b191e1f6617d1f1c8855c0dc569c94a4cbb18d"
dependencies = [
 "serde",
 "typeid",
]

[[package]]
name = "formatted_logger"
version = "0.3.0"
dependencies = [
 "log",
 "serde_json",
]

[[package]]
name = "itoa"
version = "1.0.14"
source = "registry+https://github.com/rust-lang/crates.io-index"
checksum = "d75a2a4b1b190afb6f5425f10f6a8f959d2ea0b9c2b1d79553551850539e4674"

[[package]]
name = "log"
version = "0.4.25"
source = "registry+https://github.com/rust-lang/crates.io-index"
checksum = "04cbf5b083de1c7e0222a7a51dbfdba1cbe1c6ab0b15e29fff3f6c077fd9cd9f"
dependencies = [
 "serde",
 "sval",
 "sval_ref",
 "value-bag",
]

[[package]]
name = "memchr"
version = "2.7.4"
source = "registry+https://github.com/rust-lang/crates.io-index"
checksum = "78ca9ab1a0babb1e7d5695e3530886289c18cf2f87ec19a575a0abdce112e3a3"

[[package]]
name = "proc-macro2"
version = "1.0.93"
source = "registry+https://github.com/rust-lang/crates.io-index"
checksum = "60946a68e5f9d28b0dc1c21bb8a97ee7d018a8b322fa57838ba31cc878e22d99"
dependencies = [
 "unicode-ident",
]

[[package]]
name = "quote"
version = "1.0.38"
source = "registry+https://github.com/rust-lang/crates.io-index"
checksum = "0e4dccaaaf89514f546c693ddc140f729f958c247918a13380cccc6078391acc"
dependencies = [
 "proc-macro2",
]

[[package]]
name = "ryu"
version = "1.0.18"
source = "registry+https://github.com/rust-lang/crates.io-index"
checksum = "f3cb5ba0dc43242ce17de99c180e96db90b235b8a9fdc9543c96d2209116bd9f"

[[package]]
name = "serde"
version = "1.0.217"
source = "registry+https://github.com/rust-lang/crates.io-index"
checksum = "02fc4265df13d6fa1d00ecff087228cc0a2b5f3c0e87e258d8b94a156e984c70"
dependencies = [
 "serde_derive",
]

[[package]]
name = "serde_derive"
version = "1.0.217"
source = "registry+https://github.com/rust-lang/crates.io-index"
checksum = "5a9bf7cf98d04a2b28aead066b7496853d4779c9cc183c440dbac457641e19a0"
dependencies = [
 "proc-macro2",
 "quote",
 "syn",
]

[[package]]
name = "serde_fmt"
version = "1.0.3"
source = "registry+https://github.com/rust-lang/crates.io-index"
checksum = "e1d4ddca14104cd60529e8c7f7ba71a2c8acd8f7f5cfcdc2faf97eeb7c3010a4"
dependencies = [
 "serde",
]

[[package]]
name = "serde_json"
version = "1.0.136"
source = "registry+https://github.com/rust-lang/crates.io-index"
checksum = "336a0c23cf42a38d9eaa7cd22c7040d04e1228a19a933890805ffd00a16437d2"
dependencies = [
 "itoa",
 "memchr",
 "ryu",
 "serde",
]

[[package]]
name = "sval"
version = "2.14.0"
source = "registry+https://github.com/rust-lang/crates.io-index"
checksum = "d4c2f18f53c889ec3dfe1c08b20fd51406d09b14bf18b366416718763ccff05a"

[[package]]
name = "sval_buffer"
version = "2.14.0"
source = "registry+https://github.com/rust-lang/crates.io-index"
checksum = "4b8cb1bb48d0bed828b908e6b99e7ab8c7244994dc27948a2e31d42e8c4d77c1"
dependencies = [
 "sval",
 "sval_ref",
]

[[package]]
name = "sval_dynamic"
version = "2.14.0"
source = "registry+https://github.com/rust-lang/crates.io-index"
checksum = "ba574872d4ad653071a9db76c49656082db83a37cd5f559874273d36b4a02b9d"
dependencies = [
 "sval",
]

[[package]]
name = "sval_fmt"
version = "2.14.0"
source = "registry+https://github.com/rust-lang/crates.io-index"
checksum = "944450b2dbbf8aae98537776b399b23d72b19243ee42522cfd110305f3c9ba5a"
dependencies = [
 "itoa",
 "ryu",
 "sval",
]

[[package]]
name = "sval_json"
version = "2.14.0"
source = "registry+https://github.com/rust-lang/crates.io-index"
checksum = "411bbd543c413796ccfbaa44f6676e20032b6c69e4996cb6c3e6ef30c79b96d1"
dependencies = [
 "itoa",
 "ryu",
 "sval",
]

[[package]]
name = "sval_nested"
version = "2.14.0"
source = "registry+https://github.com/rust-lang/crates.io-index"
checksum = "f30582d2a90869b380f8260559138c1b68ac3e0765520959f22a1a1fdca31769"
dependencies = [
 "sval",
 "sval_buffer",
 "sval_ref",
]

[[package]]
name = "sval_ref"
version = "2.14.0"
source = "registry+https://github.com/rust-lang/crates.io-index"
checksum = "762d3fbf3c0869064b7c93808c67ad2ed0292dde9b060ac282817941d4707dff"
dependencies = [
 "sval",
]

[[package]]
name = "sval_serde"
version = "2.14.0"
source = "registry+https://github.com/rust-lang/crates.io-index"
checksum = "752d307438c6a6a3d095a2fecf6950cfb946d301a5bd6b57f047db4f6f8d97b9"
dependencies = [
 "serde",
 "sval",
 "sval_nested",
]

[[package]]
name = "syn"
version = "2.0.96"
source = "registry+https://github.com/rust-lang/crates.io-index"
checksum = "d5d0adab1ae378d7f53bdebc67a39f1f151407ef230f0ce2883572f5d8985c80"
dependencies = [
 "proc-macro2",
 "quote",
 "unicode-ident",
]

[[package]]
name = "typeid"
version = "1.0.2"
source = "registry+https://github.com/rust-lang/crates.io-index"
checksum = "0e13db2e0ccd5e14a544e8a246ba2312cd25223f616442d7f2cb0e3db614236e"

[[package]]
name = "unicode-ident"
version = "1.0.14"
source = "registry+https://github.com/rust-lang/crates.io-index"
checksum = "adb9e6ca4f869e1180728b7950e35922a7fc6397f7b641499e8f3ef06e50dc83"

[[package]]
name = "value-bag"
version = "1.10.0"
source = "registry+https://github.com/rust-lang/crates.io-index"
checksum = "3ef4c4aa54d5d05a279399bfa921ec387b7aba77caf7a682ae8d86785b8fdad2"
dependencies = [
 "value-bag-serde1",
 "value-bag-sval2",
]

[[package]]
name = "value-bag-serde1"
version = "1.10.0"
source = "registry+https://github.com/rust-lang/crates.io-index"
checksum = "4bb773bd36fd59c7ca6e336c94454d9c66386416734817927ac93d81cb3c5b0b"
dependencies = [
 "erased-serde",
 "serde",
 "serde_fmt",
]

[[package]]
name = "value-bag-sval2"
version = "1.10.0"
source = "registry+https://github.com/rust-lang/crates.io-index"
checksum = "53a916a702cac43a88694c97657d449775667bcd14b70419441d05b7fea4a83a"
dependencies = [
 "sval",
 "sval_buffer",
 "sval_dynamic",
 "sval_fmt",
 "sval_json",
 "sval_ref",
 "sval_serde",
]
